
Microsoft Visual Studio Solution File, Format Version 12.00
# Visual Studio 15
VisualStudioVersion = 15.0.26124.0
MinimumVisualStudioVersion = 15.0.26124.0
Project("{2150E333-8FDC-42A3-9474-1A3956D46DE8}") = "src", "src", "{A69E54EA-FA2E-4393-86D3-E4906A560F4A}"
EndProject
Project("{FAE04EC0-301F-11D3-BF4B-00C04F79EFBC}") = "PicnicDay", "src\PicnicDay\PicnicDay.csproj", "{642DB62E-9EB3-4BD6-BD86-59C7B9789451}"
EndProject
Project("{2150E333-8FDC-42A3-9474-1A3956D46DE8}") = "test", "test", "{74F675A4-919F-451D-B89B-DDD56796C4E5}"
EndProject
Project("{FAE04EC0-301F-11D3-BF4B-00C04F79EFBC}") = "PicnicDay.Test", "test\PicnicDay.test\PicnicDay.Test.csproj", "{53290B41-8EA8-4C8E-844A-CAD067C7EB09}"
EndProject
Global
	GlobalSection(SolutionConfigurationPlatforms) = preSolution
		Debug|Any CPU = Debug|Any CPU
		Debug|x64 = Debug|x64
		Debug|x86 = Debug|x86
		Release|Any CPU = Release|Any CPU
		Release|x64 = Release|x64
		Release|x86 = Release|x86
	EndGlobalSection
	GlobalSection(SolutionProperties) = preSolution
		HideSolutionNode = FALSE
	EndGlobalSection
	GlobalSection(ProjectConfigurationPlatforms) = postSolution
		{642DB62E-9EB3-4BD6-BD86-59C7B9789451}.Debug|Any CPU.ActiveCfg = Debug|Any CPU
		{642DB62E-9EB3-4BD6-BD86-59C7B9789451}.Debug|Any CPU.Build.0 = Debug|Any CPU
		{642DB62E-9EB3-4BD6-BD86-59C7B9789451}.Debug|x64.ActiveCfg = Debug|Any CPU
		{642DB62E-9EB3-4BD6-BD86-59C7B9789451}.Debug|x64.Build.0 = Debug|Any CPU
		{642DB62E-9EB3-4BD6-BD86-59C7B9789451}.Debug|x86.ActiveCfg = Debug|Any CPU
		{642DB62E-9EB3-4BD6-BD86-59C7B9789451}.Debug|x86.Build.0 = Debug|Any CPU
		{642DB62E-9EB3-4BD6-BD86-59C7B9789451}.Release|Any CPU.ActiveCfg = Release|Any CPU
		{642DB62E-9EB3-4BD6-BD86-59C7B9789451}.Release|Any CPU.Build.0 = Release|Any CPU
		{642DB62E-9EB3-4BD6-BD86-59C7B9789451}.Release|x64.ActiveCfg = Release|Any CPU
		{642DB62E-9EB3-4BD6-BD86-59C7B9789451}.Release|x64.Build.0 = Release|Any CPU
		{642DB62E-9EB3-4BD6-BD86-59C7B9789451}.Release|x86.ActiveCfg = Release|Any CPU
		{642DB62E-9EB3-4BD6-BD86-59C7B9789451}.Release|x86.Build.0 = Release|Any CPU
		{53290B41-8EA8-4C8E-844A-CAD067C7EB09}.Debug|Any CPU.ActiveCfg = Debug|Any CPU
		{53290B41-8EA8-4C8E-844A-CAD067C7EB09}.Debug|Any CPU.Build.0 = Debug|Any CPU
		{53290B41-8EA8-4C8E-844A-CAD067C7EB09}.Debug|x64.ActiveCfg = Debug|Any CPU
		{53290B41-8EA8-4C8E-844A-CAD067C7EB09}.Debug|x64.Build.0 = Debug|Any CPU
		{53290B41-8EA8-4C8E-844A-CAD067C7EB09}.Debug|x86.ActiveCfg = Debug|Any CPU
		{53290B41-8EA8-4C8E-844A-CAD067C7EB09}.Debug|x86.Build.0 = Debug|Any CPU
		{53290B41-8EA8-4C8E-844A-CAD067C7EB09}.Release|Any CPU.ActiveCfg = Release|Any CPU
		{53290B41-8EA8-4C8E-844A-CAD067C7EB09}.Release|Any CPU.Build.0 = Release|Any CPU
		{53290B41-8EA8-4C8E-844A-CAD067C7EB09}.Release|x64.ActiveCfg = Release|Any CPU
		{53290B41-8EA8-4C8E-844A-CAD067C7EB09}.Release|x64.Build.0 = Release|Any CPU
		{53290B41-8EA8-4C8E-844A-CAD067C7EB09}.Release|x86.ActiveCfg = Release|Any CPU
		{53290B41-8EA8-4C8E-844A-CAD067C7EB09}.Release|x86.Build.0 = Release|Any CPU
	EndGlobalSection
	GlobalSection(NestedProjects) = preSolution
		{642DB62E-9EB3-4BD6-BD86-59C7B9789451} = {A69E54EA-FA2E-4393-86D3-E4906A560F4A}
		{53290B41-8EA8-4C8E-844A-CAD067C7EB09} = {74F675A4-919F-451D-B89B-DDD56796C4E5}
	EndGlobalSection
EndGlobal
